
Microsoft Visual Studio Solution File, Format Version 12.00
# Visual Studio Version 17
VisualStudioVersion = 17.3.32922.545
MinimumVisualStudioVersion = 10.0.40219.1
Project("{FAE04EC0-301F-11D3-BF4B-00C04F79EFBC}") = "BnarSystem", "BnarSystem\BnarSystem.csproj", "{ACD4AB28-22A9-49D0-BCA2-7A1A31B0B064}"
EndProject
Global
	GlobalSection(SolutionConfigurationPlatforms) = preSolution
		Debug|Any CPU = Debug|Any CPU
		Release|Any CPU = Release|Any CPU
	EndGlobalSection
	GlobalSection(ProjectConfigurationPlatforms) = postSolution
		{ACD4AB28-22A9-49D0-BCA2-7A1A31B0B064}.Debug|Any CPU.ActiveCfg = Debug|Any CPU
		{ACD4AB28-22A9-49D0-BCA2-7A1A31B0B064}.Debug|Any CPU.Build.0 = Debug|Any CPU
		{ACD4AB28-22A9-49D0-BCA2-7A1A31B0B064}.Release|Any CPU.ActiveCfg = Release|Any CPU
		{ACD4AB28-22A9-49D0-BCA2-7A1A31B0B064}.Release|Any CPU.Build.0 = Release|Any CPU
	EndGlobalSection
	GlobalSection(SolutionProperties) = preSolution
		HideSolutionNode = FALSE
	EndGlobalSection
	GlobalSection(ExtensibilityGlobals) = postSolution
		SolutionGuid = {2781BFBC-7687-4E37-BE4D-D0308C8C64C3}
	EndGlobalSection
EndGlobal
